
Microsoft Visual Studio Solution File, Format Version 12.00
# Visual Studio Version 16
VisualStudioVersion = 16.0.31515.178
MinimumVisualStudioVersion = 10.0.40219.1
Project("{9092AA53-FB77-4645-B42D-1CCCA6BD08BD}") = "Mixed_Messages_Code", "Mixed_Messages_Code.njsproj", "{D953A3A9-71DD-4040-B5C8-787DDEF1AE31}"
EndProject
Global
	GlobalSection(SolutionConfigurationPlatforms) = preSolution
		Debug|Any CPU = Debug|Any CPU
		Release|Any CPU = Release|Any CPU
	EndGlobalSection
	GlobalSection(ProjectConfigurationPlatforms) = postSolution
		{D953A3A9-71DD-4040-B5C8-787DDEF1AE31}.Debug|Any CPU.ActiveCfg = Debug|Any CPU
		{D953A3A9-71DD-4040-B5C8-787DDEF1AE31}.Debug|Any CPU.Build.0 = Debug|Any CPU
		{D953A3A9-71DD-4040-B5C8-787DDEF1AE31}.Release|Any CPU.ActiveCfg = Release|Any CPU
		{D953A3A9-71DD-4040-B5C8-787DDEF1AE31}.Release|Any CPU.Build.0 = Release|Any CPU
	EndGlobalSection
	GlobalSection(SolutionProperties) = preSolution
		HideSolutionNode = FALSE
	EndGlobalSection
	GlobalSection(ExtensibilityGlobals) = postSolution
		SolutionGuid = {CFE3A908-42B2-4DC1-A1FE-C268FA6FADB1}
	EndGlobalSection
EndGlobal
